// !$*UTF8*$!
{
	archiveVersion = 1;
	classes = {
	};
	objectVersion = 46;
	objects = {

/* Begin PBXBuildFile section */
		36F70D101CE3009800310BF4 /* AppDelegate.swift in Sources */ = {isa = PBXBuildFile; fileRef = 36F70D0F1CE3009800310BF4 /* AppDelegate.swift */; };
		36F70D121CE3009800310BF4 /* ViewController.swift in Sources */ = {isa = PBXBuildFile; fileRef = 36F70D111CE3009800310BF4 /* ViewController.swift */; };
		36F70D151CE3009800310BF4 /* Main.storyboard in Resources */ = {isa = PBXBuildFile; fileRef = 36F70D131CE3009800310BF4 /* Main.storyboard */; };
		36F70D171CE3009800310BF4 /* Assets.xcassets in Resources */ = {isa = PBXBuildFile; fileRef = 36F70D161CE3009800310BF4 /* Assets.xcassets */; };
		36F70D1A1CE3009800310BF4 /* LaunchScreen.storyboard in Resources */ = {isa = PBXBuildFile; fileRef = 36F70D181CE3009800310BF4 /* LaunchScreen.storyboard */; };
/* End PBXBuildFile section */

/* Begin PBXFileReference section */
		36F70D0C1CE3009800310BF4 /* pokedex-Udemy.app */ = {isa = PBXFileReference; explicitFileType = wrapper.application; includeInIndex = 0; path = "pokedex-Udemy.app"; sourceTree = BUILT_PRODUCTS_DIR; };
		36F70D0F1CE3009800310BF4 /* AppDelegate.swift */ = {isa = PBXFileReference; lastKnownFileType = sourcecode.swift; path = AppDelegate.swift; sourceTree = "<group>"; };
		36F70D111CE3009800310BF4 /* ViewController.swift */ = {isa = PBXFileReference; lastKnownFileType = sourcecode.swift; path = ViewController.swift; sourceTree = "<group>"; };
		36F70D141CE3009800310BF4 /* Base */ = {isa = PBXFileReference; lastKnownFileType = file.storyboard; name = Base; path = Base.lproj/Main.storyboard; sourceTree = "<group>"; };
		36F70D161CE3009800310BF4 /* Assets.xcassets */ = {isa = PBXFileReference; lastKnownFileType = folder.assetcatalog; path = Assets.xcassets; sourceTree = "<group>"; };
		36F70D191CE3009800310BF4 /* Base */ = {isa = PBXFileReference; lastKnownFileType = file.storyboard; name = Base; path = Base.lproj/LaunchScreen.storyboard; sourceTree = "<group>"; };
		36F70D1B1CE3009800310BF4 /* Info.plist */ = {isa = PBXFileReference; lastKnownFileType = text.plist.xml; path = Info.plist; sourceTree = "<group>"; };
/* End PBXFileReference section */

/* Begin PBXFrameworksBuildPhase section */
		36F70D091CE3009800310BF4 /* Frameworks */ = {
			isa = PBXFrameworksBuildPhase;
			buildActionMask = 2147483647;
			files = (
			);
			runOnlyForDeploymentPostprocessing = 0;
		};
/* End PBXFrameworksBuildPhase section */

/* Begin PBXGroup section */
		36F70D031CE3009800310BF4 = {
			isa = PBXGroup;
			children = (
				36F70D0E1CE3009800310BF4 /* pokedex-Udemy */,
				36F70D0D1CE3009800310BF4 /* Products */,
			);
			sourceTree = "<group>";
		};
		36F70D0D1CE3009800310BF4 /* Products */ = {
			isa = PBXGroup;
			children = (
				36F70D0C1CE3009800310BF4 /* pokedex-Udemy.app */,
			);
			name = Products;
			sourceTree = "<group>";
		};
		36F70D0E1CE3009800310BF4 /* pokedex-Udemy */ = {
			isa = PBXGroup;
			children = (
				36F70D0F1CE3009800310BF4 /* AppDelegate.swift */,
				36F70D111CE3009800310BF4 /* ViewController.swift */,
				36F70D131CE3009800310BF4 /* Main.storyboard */,
				36F70D161CE3009800310BF4 /* Assets.xcassets */,
				36F70D181CE3009800310BF4 /* LaunchScreen.storyboard */,
				36F70D1B1CE3009800310BF4 /* Info.plist */,
			);
			path = "pokedex-Udemy";
			sourceTree = "<group>";
		};
/* End PBXGroup section */

/* Begin PBXNativeTarget section */
		36F70D0B1CE3009800310BF4 /* pokedex-Udemy */ = {
			isa = PBXNativeTarget;
			buildConfigurationList = 36F70D1E1CE3009800310BF4 /* Build configuration list for PBXNativeTarget "pokedex-Udemy" */;
			buildPhases = (
				36F70D081CE3009800310BF4 /* Sources */,
				36F70D091CE3009800310BF4 /* Frameworks */,
				36F70D0A1CE3009800310BF4 /* Resources */,
			);
			buildRules = (
			);
			dependencies = (
			);
			name = "pokedex-Udemy";
			productName = "pokedex-Udemy";
			productReference = 36F70D0C1CE3009800310BF4 /* pokedex-Udemy.app */;
			productType = "com.apple.product-type.application";
		};
/* End PBXNativeTarget section */

/* Begin PBXProject section */
		36F70D041CE3009800310BF4 /* Project object */ = {
			isa = PBXProject;
			attributes = {
				LastSwiftUpdateCheck = 0730;
				LastUpgradeCheck = 0730;
				ORGANIZATIONNAME = Polina;
				TargetAttributes = {
					36F70D0B1CE3009800310BF4 = {
						CreatedOnToolsVersion = 7.3.1;
						DevelopmentTeam = CBVCE8QCE8;
					};
				};
			};
			buildConfigurationList = 36F70D071CE3009800310BF4 /* Build configuration list for PBXProject "pokedex-Udemy" */;
			compatibilityVersion = "Xcode 3.2";
			developmentRegion = English;
			hasScannedForEncodings = 0;
			knownRegions = (
				en,
				Base,
			);
			mainGroup = 36F70D031CE3009800310BF4;
			productRefGroup = 36F70D0D1CE3009800310BF4 /* Products */;
			projectDirPath = "";
			projectRoot = "";
			targets = (
				36F70D0B1CE3009800310BF4 /* pokedex-Udemy */,
			);
		};
/* End PBXProject section */

/* Begin PBXResourcesBuildPhase section */
		36F70D0A1CE3009800310BF4 /* Resources */ = {
			isa = PBXResourcesBuildPhase;
			buildActionMask = 2147483647;
			files = (
				36F70D1A1CE3009800310BF4 /* LaunchScreen.storyboard in Resources */,
				36F70D171CE3009800310BF4 /* Assets.xcassets in Resources */,
				36F70D151CE3009800310BF4 /* Main.storyboard in Resources */,
			);
			runOnlyForDeploymentPostprocessing = 0;
		};
/* End PBXResourcesBuildPhase section */

/* Begin PBXSourcesBuildPhase section */
		36F70D081CE3009800310BF4 /* Sources */ = {
			isa = PBXSourcesBuildPhase;
			buildActionMask = 2147483647;
			files = (
				36F70D121CE3009800310BF4 /* ViewController.swift in Sources */,
				36F70D101CE3009800310BF4 /* AppDelegate.swift in Sources */,
			);
			runOnlyForDeploymentPostprocessing = 0;
		};
/* End PBXSourcesBuildPhase section */

/* Begin PBXVariantGroup section */
		36F70D131CE3009800310BF4 /* Main.storyboard */ = {
			isa = PBXVariantGroup;
			children = (
				36F70D141CE3009800310BF4 /* Base */,
			);
			name = Main.storyboard;
			sourceTree = "<group>";
		};
		36F70D181CE3009800310BF4 /* LaunchScreen.storyboard */ = {
			isa = PBXVariantGroup;
			children = (
				36F70D191CE3009800310BF4 /* Base */,
			);
			name = LaunchScreen.storyboard;
			sourceTree = "<group>";
		};
/* End PBXVariantGroup section */

/* Begin XCBuildConfiguration section */
		36F70D1C1CE3009800310BF4 /* Debug */ = {
			isa = XCBuildConfiguration;
			buildSettings = {
				ALWAYS_SEARCH_USER_PATHS = NO;
				CLANG_ANALYZER_NONNULL = YES;
				CLANG_CXX_LANGUAGE_STANDARD = "gnu++0x";
				CLANG_CXX_LIBRARY = "libc++";
				CLANG_ENABLE_MODULES = YES;
				CLANG_ENABLE_OBJC_ARC = YES;
				CLANG_WARN_BOOL_CONVERSION = YES;
				CLANG_WARN_CONSTANT_CONVERSION = YES;
				CLANG_WARN_DIRECT_OBJC_ISA_USAGE = YES_ERROR;
				CLANG_WARN_EMPTY_BODY = YES;
				CLANG_WARN_ENUM_CONVERSION = YES;
				CLANG_WARN_INT_CONVERSION = YES;
				CLANG_WARN_OBJC_ROOT_CLASS = YES_ERROR;
				CLANG_WARN_UNREACHABLE_CODE = YES;
				CLANG_WARN__DUPLICATE_METHOD_MATCH = YES;
				"CODE_SIGN_IDENTITY[sdk=iphoneos*]" = "iPhone Developer";
				COPY_PHASE_STRIP = NO;
				DEBUG_INFORMATION_FORMAT = dwarf;
				ENABLE_STRICT_OBJC_MSGSEND = YES;
				ENABLE_TESTABILITY = YES;
				GCC_C_LANGUAGE_STANDARD = gnu99;
				GCC_DYNAMIC_NO_PIC = NO;
				GCC_NO_COMMON_BLOCKS = YES;
				GCC_OPTIMIZATION_LEVEL = 0;
				GCC_PREPROCESSOR_DEFINITIONS = (
					"DEBUG=1",
					"$(inherited)",
				);
				GCC_WARN_64_TO_32_BIT_CONVERSION = YES;
				GCC_WARN_ABOUT_RETURN_TYPE = YES_ERROR;
				GCC_WARN_UNDECLARED_SELECTOR = YES;
				GCC_WARN_UNINITIALIZED_AUTOS = YES_AGGRESSIVE;
				GCC_WARN_UNUSED_FUNCTION = YES;
				GCC_WARN_UNUSED_VARIABLE = YES;
				IPHONEOS_DEPLOYMENT_TARGET = 9.3;
				MTL_ENABLE_DEBUG_INFO = YES;
				ONLY_ACTIVE_ARCH = YES;
				SDKROOT = iphoneos;
				SWIFT_OPTIMIZATION_LEVEL = "-Onone";
				TARGETED_DEVICE_FAMILY = "1,2";
			};
			name = Debug;
		};
		36F70D1D1CE3009800310BF4 /* Release */ = {
			isa = XCBuildConfiguration;
			buildSettings = {
				ALWAYS_SEARCH_USER_PATHS = NO;
				CLANG_ANALYZER_NONNULL = YES;
				CLANG_CXX_LANGUAGE_STANDARD = "gnu++0x";
				CLANG_CXX_LIBRARY = "libc++";
				CLANG_ENABLE_MODULES = YES;
				CLANG_ENABLE_OBJC_ARC = YES;
				CLANG_WARN_BOOL_CONVERSION = YES;
				CLANG_WARN_CONSTANT_CONVERSION = YES;
				CLANG_WARN_DIRECT_OBJC_ISA_USAGE = YES_ERROR;
				CLANG_WARN_EMPTY_BODY = YES;
				CLANG_WARN_ENUM_CONVERSION = YES;
				CLANG_WARN_INT_CONVERSION = YES;
				CLANG_WARN_OBJC_ROOT_CLASS = YES_ERROR;
				CLANG_WARN_UNREACHABLE_CODE = YES;
				CLANG_WARN__DUPLICATE_METHOD_MATCH = YES;
				"CODE_SIGN_IDENTITY[sdk=iphoneos*]" = "iPhone Developer";
				COPY_PHASE_STRIP = NO;
				DEBUG_INFORMATION_FORMAT = "dwarf-with-dsym";
				ENABLE_NS_ASSERTIONS = NO;
				ENABLE_STRICT_OBJC_MSGSEND = YES;
				GCC_C_LANGUAGE_STANDARD = gnu99;
				GCC_NO_COMMON_BLOCKS = YES;
				GCC_WARN_64_TO_32_BIT_CONVERSION = YES;
				GCC_WARN_ABOUT_RETURN_TYPE = YES_ERROR;
				GCC_WARN_UNDECLARED_SELECTOR = YES;
				GCC_WARN_UNINITIALIZED_AUTOS = YES_AGGRESSIVE;
				GCC_WARN_UNUSED_FUNCTION = YES;
				GCC_WARN_UNUSED_VARIABLE = YES;
				IPHONEOS_DEPLOYMENT_TARGET = 9.3;
				MTL_ENABLE_DEBUG_INFO = NO;
				SDKROOT = iphoneos;
				TARGETED_DEVICE_FAMILY = "1,2";
				VALIDATE_PRODUCT = YES;
			};
			name = Release;
		};
		36F70D1F1CE3009800310BF4 /* Debug */ = {
			isa = XCBuildConfiguration;
			buildSettings = {
				ASSETCATALOG_COMPILER_APPICON_NAME = AppIcon;
				INFOPLIST_FILE = "pokedex-Udemy/Info.plist";
				LD_RUNPATH_SEARCH_PATHS = "$(inherited) @executable_path/Frameworks";
				PRODUCT_BUNDLE_IDENTIFIER = "polin911.pokedex-Udemy";
				PRODUCT_NAME = "$(TARGET_NAME)";
			};
			name = Debug;
		};
		36F70D201CE3009800310BF4 /* Release */ = {
			isa = XCBuildConfiguration;
			buildSettings = {
				ASSETCATALOG_COMPILER_APPICON_NAME = AppIcon;
				INFOPLIST_FILE = "pokedex-Udemy/Info.plist";
				LD_RUNPATH_SEARCH_PATHS = "$(inherited) @executable_path/Frameworks";
				PRODUCT_BUNDLE_IDENTIFIER = "polin911.pokedex-Udemy";
				PRODUCT_NAME = "$(TARGET_NAME)";
			};
			name = Release;
		};
/* End XCBuildConfiguration section */

/* Begin XCConfigurationList section */
		36F70D071CE3009800310BF4 /* Build configuration list for PBXProject "pokedex-Udemy" */ = {
			isa = XCConfigurationList;
			buildConfigurations = (
				36F70D1C1CE3009800310BF4 /* Debug */,
				36F70D1D1CE3009800310BF4 /* Release */,
			);
			defaultConfigurationIsVisible = 0;
			defaultConfigurationName = Release;
		};
		36F70D1E1CE3009800310BF4 /* Build configuration list for PBXNativeTarget "pokedex-Udemy" */ = {
			isa = XCConfigurationList;
			buildConfigurations = (
				36F70D1F1CE3009800310BF4 /* Debug */,
				36F70D201CE3009800310BF4 /* Release */,
			);
			defaultConfigurationIsVisible = 0;
		};
/* End XCConfigurationList section */
	};
	rootObject = 36F70D041CE3009800310BF4 /* Project object */;
}
